<?xml version="1.0" encoding="utf-8"?>
<Project ToolsVersion="4.0" xmlns="http://schemas.microsoft.com/developer/msbuild/2003">
  <ItemGroup>
    <ClCompile Include="C:\Users\tdqua_000\Desktop\MyLab\parmetis-4.0.2\libparmetis\akwayfm.c">
      <Filter>Source Files</Filter>
    </ClCompile>
    <ClCompile Include="C:\Users\tdqua_000\Desktop\MyLab\parmetis-4.0.2\libparmetis\ametis.c">
      <Filter>Source Files</Filter>
    </ClCompile>
    <ClCompile Include="C:\Users\tdqua_000\Desktop\MyLab\parmetis-4.0.2\libparmetis\balancemylink.c">
      <Filter>Source Files</Filter>
    </ClCompile>
    <ClCompile Include="C:\Users\tdqua_000\Desktop\MyLab\parmetis-4.0.2\libparmetis\comm.c">
      <Filter>Source Files</Filter>
    </ClCompile>
    <ClCompile Include="C:\Users\tdqua_000\Desktop\MyLab\parmetis-4.0.2\libparmetis\csrmatch.c">
      <Filter>Source Files</Filter>
    </ClCompile>
    <ClCompile Include="C:\Users\tdqua_000\Desktop\MyLab\parmetis-4.0.2\libparmetis\ctrl.c">
      <Filter>Source Files</Filter>
    </ClCompile>
    <ClCompile Include="C:\Users\tdqua_000\Desktop\MyLab\parmetis-4.0.2\libparmetis\debug.c">
      <Filter>Source Files</Filter>
    </ClCompile>
    <ClCompile Include="C:\Users\tdqua_000\Desktop\MyLab\parmetis-4.0.2\libparmetis\diffutil.c">
      <Filter>Source Files</Filter>
    </ClCompile>
    <ClCompile Include="C:\Users\tdqua_000\Desktop\MyLab\parmetis-4.0.2\libparmetis\frename.c">
      <Filter>Source Files</Filter>
    </ClCompile>
    <ClCompile Include="C:\Users\tdqua_000\Desktop\MyLab\parmetis-4.0.2\libparmetis\gkmetis.c">
      <Filter>Source Files</Filter>
    </ClCompile>
    <ClCompile Include="C:\Users\tdqua_000\Desktop\MyLab\parmetis-4.0.2\libparmetis\gkmpi.c">
      <Filter>Source Files</Filter>
    </ClCompile>
    <ClCompile Include="C:\Users\tdqua_000\Desktop\MyLab\parmetis-4.0.2\libparmetis\graph.c">
      <Filter>Source Files</Filter>
    </ClCompile>
    <ClCompile Include="C:\Users\tdqua_000\Desktop\MyLab\parmetis-4.0.2\libparmetis\initbalance.c">
      <Filter>Source Files</Filter>
    </ClCompile>
    <ClCompile Include="C:\Users\tdqua_000\Desktop\MyLab\parmetis-4.0.2\libparmetis\initmsection.c">
      <Filter>Source Files</Filter>
    </ClCompile>
    <ClCompile Include="C:\Users\tdqua_000\Desktop\MyLab\parmetis-4.0.2\libparmetis\initpart.c">
      <Filter>Source Files</Filter>
    </ClCompile>
    <ClCompile Include="C:\Users\tdqua_000\Desktop\MyLab\parmetis-4.0.2\libparmetis\kmetis.c">
      <Filter>Source Files</Filter>
    </ClCompile>
    <ClCompile Include="C:\Users\tdqua_000\Desktop\MyLab\parmetis-4.0.2\libparmetis\kwayrefine.c">
      <Filter>Source Files</Filter>
    </ClCompile>
    <ClCompile Include="C:\Users\tdqua_000\Desktop\MyLab\parmetis-4.0.2\libparmetis\match.c">
      <Filter>Source Files</Filter>
    </ClCompile>
    <ClCompile Include="C:\Users\tdqua_000\Desktop\MyLab\parmetis-4.0.2\libparmetis\mdiffusion.c">
      <Filter>Source Files</Filter>
    </ClCompile>
    <ClCompile Include="C:\Users\tdqua_000\Desktop\MyLab\parmetis-4.0.2\libparmetis\mesh.c">
      <Filter>Source Files</Filter>
    </ClCompile>
    <ClCompile Include="C:\Users\tdqua_000\Desktop\MyLab\parmetis-4.0.2\libparmetis\mmetis.c">
      <Filter>Source Files</Filter>
    </ClCompile>
    <ClCompile Include="C:\Users\tdqua_000\Desktop\MyLab\parmetis-4.0.2\libparmetis\move.c">
      <Filter>Source Files</Filter>
    </ClCompile>
    <ClCompile Include="C:\Users\tdqua_000\Desktop\MyLab\parmetis-4.0.2\libparmetis\msetup.c">
      <Filter>Source Files</Filter>
    </ClCompile>
    <ClCompile Include="C:\Users\tdqua_000\Desktop\MyLab\parmetis-4.0.2\libparmetis\node_refine.c">
      <Filter>Source Files</Filter>
    </ClCompile>
    <ClCompile Include="C:\Users\tdqua_000\Desktop\MyLab\parmetis-4.0.2\libparmetis\ometis.c">
      <Filter>Source Files</Filter>
    </ClCompile>
    <ClCompile Include="C:\Users\tdqua_000\Desktop\MyLab\parmetis-4.0.2\libparmetis\pspases.c">
      <Filter>Source Files</Filter>
    </ClCompile>
    <ClCompile Include="C:\Users\tdqua_000\Desktop\MyLab\parmetis-4.0.2\libparmetis\redomylink.c">
      <Filter>Source Files</Filter>
    </ClCompile>
    <ClCompile Include="C:\Users\tdqua_000\Desktop\MyLab\parmetis-4.0.2\libparmetis\remap.c">
      <Filter>Source Files</Filter>
    </ClCompile>
    <ClCompile Include="C:\Users\tdqua_000\Desktop\MyLab\parmetis-4.0.2\libparmetis\renumber.c">
      <Filter>Source Files</Filter>
    </ClCompile>
    <ClCompile Include="C:\Users\tdqua_000\Desktop\MyLab\parmetis-4.0.2\libparmetis\rmetis.c">
      <Filter>Source Files</Filter>
    </ClCompile>
    <ClCompile Include="C:\Users\tdqua_000\Desktop\MyLab\parmetis-4.0.2\libparmetis\selectq.c">
      <Filter>Source Files</Filter>
    </ClCompile>
    <ClCompile Include="C:\Users\tdqua_000\Desktop\MyLab\parmetis-4.0.2\libparmetis\serial.c">
      <Filter>Source Files</Filter>
    </ClCompile>
    <ClCompile Include="C:\Users\tdqua_000\Desktop\MyLab\parmetis-4.0.2\libparmetis\stat.c">
      <Filter>Source Files</Filter>
    </ClCompile>
    <ClCompile Include="C:\Users\tdqua_000\Desktop\MyLab\parmetis-4.0.2\libparmetis\timer.c">
      <Filter>Source Files</Filter>
    </ClCompile>
    <ClCompile Include="C:\Users\tdqua_000\Desktop\MyLab\parmetis-4.0.2\libparmetis\util.c">
      <Filter>Source Files</Filter>
    </ClCompile>
    <ClCompile Include="C:\Users\tdqua_000\Desktop\MyLab\parmetis-4.0.2\libparmetis\wave.c">
      <Filter>Source Files</Filter>
    </ClCompile>
    <ClCompile Include="C:\Users\tdqua_000\Desktop\MyLab\parmetis-4.0.2\libparmetis\weird.c">
      <Filter>Source Files</Filter>
    </ClCompile>
    <ClCompile Include="C:\Users\tdqua_000\Desktop\MyLab\parmetis-4.0.2\libparmetis\wspace.c">
      <Filter>Source Files</Filter>
    </ClCompile>
    <ClCompile Include="C:\Users\tdqua_000\Desktop\MyLab\parmetis-4.0.2\libparmetis\xyzpart.c">
      <Filter>Source Files</Filter>
    </ClCompile>
  </ItemGroup>
  <ItemGroup>
    <Library Include="..\..\..\..\..\..\Program Files (x86)\MPICH2\lib\cxx.lib" />
    <Library Include="..\..\..\..\..\..\Program Files (x86)\MPICH2\lib\cxxd.lib" />
    <Library Include="..\..\..\..\..\..\Program Files (x86)\MPICH2\lib\fmpe.lib" />
    <Library Include="..\..\..\..\..\..\Program Files (x86)\MPICH2\lib\fmpich2.lib" />
    <Library Include="..\..\..\..\..\..\Program Files (x86)\MPICH2\lib\fmpich2g.lib" />
    <Library Include="..\..\..\..\..\..\Program Files (x86)\MPICH2\lib\fmpich2s.lib" />
    <Library Include="..\..\..\..\..\..\Program Files (x86)\MPICH2\lib\mpe.lib" />
    <Library Include="..\..\..\..\..\..\Program Files (x86)\MPICH2\lib\mpi.lib" />
  </ItemGroup>
  <ItemGroup>
    <None Include="..\..\..\..\..\..\Program Files (x86)\MPICH2\lib\libfmpich2g.a" />
    <None Include="..\..\..\..\..\..\Program Files (x86)\MPICH2\lib\libmpi.a" />
    <None Include="..\..\..\..\..\..\Program Files (x86)\MPICH2\lib\libmpicxx.a" />
  </ItemGroup>
  <ItemGroup>
  </ItemGroup>
  <ItemGroup>
    <CustomBuild Include="..\..\parmetis-4.0.2\libparmetis\CMakeLists.txt" />
  </ItemGroup>
  <ItemGroup>
    <Filter Include="Source Files">
      <UniqueIdentifier>{782656C1-D6C6-4854-9BB3-E3D69147B476}</UniqueIdentifier>
    </Filter>
  </ItemGroup>
  <ItemGroup>
  </ItemGroup>
</Project>