Microsoft Visual Studio Solution File, Format Version 11.00
# Visual Studio 2010
Project("{8BC9CEB8-8B4A-11D0-8D11-00A0C91BC942}") = "ALL_BUILD", "ALL_BUILD.vcxproj", "{8AC33585-4497-475C-B8E1-B72DFFA48AD5}"
	ProjectSection(ProjectDependencies) = postProject
		{AACE1B2E-DCB5-408C-A4E3-02EA70ED4FA0} = {AACE1B2E-DCB5-408C-A4E3-02EA70ED4FA0}
		{81323B0E-8F0D-4B94-9D06-48AAB6F9749F} = {81323B0E-8F0D-4B94-9D06-48AAB6F9749F}
		{23C0CE5F-20F5-4668-AADD-FAB890F96BB5} = {23C0CE5F-20F5-4668-AADD-FAB890F96BB5}
		{B9509BA0-8A15-436C-8FF3-12D450B734D6} = {B9509BA0-8A15-436C-8FF3-12D450B734D6}
		{6F2B9186-27ED-4A78-939B-CCD15B616B72} = {6F2B9186-27ED-4A78-939B-CCD15B616B72}
		{CF57C08B-555A-4222-8FBC-8C5C754925C6} = {CF57C08B-555A-4222-8FBC-8C5C754925C6}
		{EBC40130-9CE5-42CC-9DC7-A29BE2AF39DC} = {EBC40130-9CE5-42CC-9DC7-A29BE2AF39DC}
	EndProjectSection
EndProject
Project("{8BC9CEB8-8B4A-11D0-8D11-00A0C91BC942}") = "INSTALL", "INSTALL.vcxproj", "{B463FBF2-02C1-453D-B39E-87D54BCF5BD0}"
	ProjectSection(ProjectDependencies) = postProject
		{8AC33585-4497-475C-B8E1-B72DFFA48AD5} = {8AC33585-4497-475C-B8E1-B72DFFA48AD5}
	EndProjectSection
EndProject
Project("{8BC9CEB8-8B4A-11D0-8D11-00A0C91BC942}") = "ZERO_CHECK", "ZERO_CHECK.vcxproj", "{AACE1B2E-DCB5-408C-A4E3-02EA70ED4FA0}"
	ProjectSection(ProjectDependencies) = postProject
	EndProjectSection
EndProject
Project("{8BC9CEB8-8B4A-11D0-8D11-00A0C91BC942}") = "metis", "libmetis\metis.vcxproj", "{81323B0E-8F0D-4B94-9D06-48AAB6F9749F}"
	ProjectSection(ProjectDependencies) = postProject
		{AACE1B2E-DCB5-408C-A4E3-02EA70ED4FA0} = {AACE1B2E-DCB5-408C-A4E3-02EA70ED4FA0}
	EndProjectSection
EndProject
Project("{8BC9CEB8-8B4A-11D0-8D11-00A0C91BC942}") = "mtest", "programs\mtest.vcxproj", "{23C0CE5F-20F5-4668-AADD-FAB890F96BB5}"
	ProjectSection(ProjectDependencies) = postProject
		{AACE1B2E-DCB5-408C-A4E3-02EA70ED4FA0} = {AACE1B2E-DCB5-408C-A4E3-02EA70ED4FA0}
		{B9509BA0-8A15-436C-8FF3-12D450B734D6} = {B9509BA0-8A15-436C-8FF3-12D450B734D6}
	EndProjectSection
EndProject
Project("{8BC9CEB8-8B4A-11D0-8D11-00A0C91BC942}") = "parmetis", "libparmetis\parmetis.vcxproj", "{B9509BA0-8A15-436C-8FF3-12D450B734D6}"
	ProjectSection(ProjectDependencies) = postProject
		{AACE1B2E-DCB5-408C-A4E3-02EA70ED4FA0} = {AACE1B2E-DCB5-408C-A4E3-02EA70ED4FA0}
		{81323B0E-8F0D-4B94-9D06-48AAB6F9749F} = {81323B0E-8F0D-4B94-9D06-48AAB6F9749F}
	EndProjectSection
EndProject
Project("{8BC9CEB8-8B4A-11D0-8D11-00A0C91BC942}") = "parmetis_prog", "programs\parmetis_prog.vcxproj", "{6F2B9186-27ED-4A78-939B-CCD15B616B72}"
	ProjectSection(ProjectDependencies) = postProject
		{AACE1B2E-DCB5-408C-A4E3-02EA70ED4FA0} = {AACE1B2E-DCB5-408C-A4E3-02EA70ED4FA0}
		{B9509BA0-8A15-436C-8FF3-12D450B734D6} = {B9509BA0-8A15-436C-8FF3-12D450B734D6}
	EndProjectSection
EndProject
Project("{8BC9CEB8-8B4A-11D0-8D11-00A0C91BC942}") = "pometis", "programs\pometis.vcxproj", "{CF57C08B-555A-4222-8FBC-8C5C754925C6}"
	ProjectSection(ProjectDependencies) = postProject
		{AACE1B2E-DCB5-408C-A4E3-02EA70ED4FA0} = {AACE1B2E-DCB5-408C-A4E3-02EA70ED4FA0}
		{B9509BA0-8A15-436C-8FF3-12D450B734D6} = {B9509BA0-8A15-436C-8FF3-12D450B734D6}
	EndProjectSection
EndProject
Project("{8BC9CEB8-8B4A-11D0-8D11-00A0C91BC942}") = "ptest", "programs\ptest.vcxproj", "{EBC40130-9CE5-42CC-9DC7-A29BE2AF39DC}"
	ProjectSection(ProjectDependencies) = postProject
		{AACE1B2E-DCB5-408C-A4E3-02EA70ED4FA0} = {AACE1B2E-DCB5-408C-A4E3-02EA70ED4FA0}
		{B9509BA0-8A15-436C-8FF3-12D450B734D6} = {B9509BA0-8A15-436C-8FF3-12D450B734D6}
	EndProjectSection
EndProject
Global
	GlobalSection(SolutionConfigurationPlatforms) = preSolution
		Debug|Win32 = Debug|Win32
		Release|Win32 = Release|Win32
		MinSizeRel|Win32 = MinSizeRel|Win32
		RelWithDebInfo|Win32 = RelWithDebInfo|Win32
	EndGlobalSection
	GlobalSection(ProjectConfigurationPlatforms) = postSolution
		{8AC33585-4497-475C-B8E1-B72DFFA48AD5}.Debug|Win32.ActiveCfg = Debug|Win32
		{8AC33585-4497-475C-B8E1-B72DFFA48AD5}.Debug|Win32.Build.0 = Debug|Win32
		{8AC33585-4497-475C-B8E1-B72DFFA48AD5}.Release|Win32.ActiveCfg = Release|Win32
		{8AC33585-4497-475C-B8E1-B72DFFA48AD5}.Release|Win32.Build.0 = Release|Win32
		{8AC33585-4497-475C-B8E1-B72DFFA48AD5}.MinSizeRel|Win32.ActiveCfg = MinSizeRel|Win32
		{8AC33585-4497-475C-B8E1-B72DFFA48AD5}.MinSizeRel|Win32.Build.0 = MinSizeRel|Win32
		{8AC33585-4497-475C-B8E1-B72DFFA48AD5}.RelWithDebInfo|Win32.ActiveCfg = RelWithDebInfo|Win32
		{8AC33585-4497-475C-B8E1-B72DFFA48AD5}.RelWithDebInfo|Win32.Build.0 = RelWithDebInfo|Win32
		{B463FBF2-02C1-453D-B39E-87D54BCF5BD0}.Debug|Win32.ActiveCfg = Debug|Win32
		{B463FBF2-02C1-453D-B39E-87D54BCF5BD0}.Release|Win32.ActiveCfg = Release|Win32
		{B463FBF2-02C1-453D-B39E-87D54BCF5BD0}.MinSizeRel|Win32.ActiveCfg = MinSizeRel|Win32
		{B463FBF2-02C1-453D-B39E-87D54BCF5BD0}.RelWithDebInfo|Win32.ActiveCfg = RelWithDebInfo|Win32
		{AACE1B2E-DCB5-408C-A4E3-02EA70ED4FA0}.Debug|Win32.ActiveCfg = Debug|Win32
		{AACE1B2E-DCB5-408C-A4E3-02EA70ED4FA0}.Debug|Win32.Build.0 = Debug|Win32
		{AACE1B2E-DCB5-408C-A4E3-02EA70ED4FA0}.Release|Win32.ActiveCfg = Release|Win32
		{AACE1B2E-DCB5-408C-A4E3-02EA70ED4FA0}.Release|Win32.Build.0 = Release|Win32
		{AACE1B2E-DCB5-408C-A4E3-02EA70ED4FA0}.MinSizeRel|Win32.ActiveCfg = MinSizeRel|Win32
		{AACE1B2E-DCB5-408C-A4E3-02EA70ED4FA0}.MinSizeRel|Win32.Build.0 = MinSizeRel|Win32
		{AACE1B2E-DCB5-408C-A4E3-02EA70ED4FA0}.RelWithDebInfo|Win32.ActiveCfg = RelWithDebInfo|Win32
		{AACE1B2E-DCB5-408C-A4E3-02EA70ED4FA0}.RelWithDebInfo|Win32.Build.0 = RelWithDebInfo|Win32
		{81323B0E-8F0D-4B94-9D06-48AAB6F9749F}.Debug|Win32.ActiveCfg = Debug|Win32
		{81323B0E-8F0D-4B94-9D06-48AAB6F9749F}.Debug|Win32.Build.0 = Debug|Win32
		{81323B0E-8F0D-4B94-9D06-48AAB6F9749F}.Release|Win32.ActiveCfg = Release|Win32
		{81323B0E-8F0D-4B94-9D06-48AAB6F9749F}.Release|Win32.Build.0 = Release|Win32
		{81323B0E-8F0D-4B94-9D06-48AAB6F9749F}.MinSizeRel|Win32.ActiveCfg = MinSizeRel|Win32
		{81323B0E-8F0D-4B94-9D06-48AAB6F9749F}.MinSizeRel|Win32.Build.0 = MinSizeRel|Win32
		{81323B0E-8F0D-4B94-9D06-48AAB6F9749F}.RelWithDebInfo|Win32.ActiveCfg = RelWithDebInfo|Win32
		{81323B0E-8F0D-4B94-9D06-48AAB6F9749F}.RelWithDebInfo|Win32.Build.0 = RelWithDebInfo|Win32
		{23C0CE5F-20F5-4668-AADD-FAB890F96BB5}.Debug|Win32.ActiveCfg = Debug|Win32
		{23C0CE5F-20F5-4668-AADD-FAB890F96BB5}.Debug|Win32.Build.0 = Debug|Win32
		{23C0CE5F-20F5-4668-AADD-FAB890F96BB5}.Release|Win32.ActiveCfg = Release|Win32
		{23C0CE5F-20F5-4668-AADD-FAB890F96BB5}.Release|Win32.Build.0 = Release|Win32
		{23C0CE5F-20F5-4668-AADD-FAB890F96BB5}.MinSizeRel|Win32.ActiveCfg = MinSizeRel|Win32
		{23C0CE5F-20F5-4668-AADD-FAB890F96BB5}.MinSizeRel|Win32.Build.0 = MinSizeRel|Win32
		{23C0CE5F-20F5-4668-AADD-FAB890F96BB5}.RelWithDebInfo|Win32.ActiveCfg = RelWithDebInfo|Win32
		{23C0CE5F-20F5-4668-AADD-FAB890F96BB5}.RelWithDebInfo|Win32.Build.0 = RelWithDebInfo|Win32
		{B9509BA0-8A15-436C-8FF3-12D450B734D6}.Debug|Win32.ActiveCfg = Debug|Win32
		{B9509BA0-8A15-436C-8FF3-12D450B734D6}.Debug|Win32.Build.0 = Debug|Win32
		{B9509BA0-8A15-436C-8FF3-12D450B734D6}.Release|Win32.ActiveCfg = Release|Win32
		{B9509BA0-8A15-436C-8FF3-12D450B734D6}.Release|Win32.Build.0 = Release|Win32
		{B9509BA0-8A15-436C-8FF3-12D450B734D6}.MinSizeRel|Win32.ActiveCfg = MinSizeRel|Win32
		{B9509BA0-8A15-436C-8FF3-12D450B734D6}.MinSizeRel|Win32.Build.0 = MinSizeRel|Win32
		{B9509BA0-8A15-436C-8FF3-12D450B734D6}.RelWithDebInfo|Win32.ActiveCfg = RelWithDebInfo|Win32
		{B9509BA0-8A15-436C-8FF3-12D450B734D6}.RelWithDebInfo|Win32.Build.0 = RelWithDebInfo|Win32
		{6F2B9186-27ED-4A78-939B-CCD15B616B72}.Debug|Win32.ActiveCfg = Debug|Win32
		{6F2B9186-27ED-4A78-939B-CCD15B616B72}.Debug|Win32.Build.0 = Debug|Win32
		{6F2B9186-27ED-4A78-939B-CCD15B616B72}.Release|Win32.ActiveCfg = Release|Win32
		{6F2B9186-27ED-4A78-939B-CCD15B616B72}.Release|Win32.Build.0 = Release|Win32
		{6F2B9186-27ED-4A78-939B-CCD15B616B72}.MinSizeRel|Win32.ActiveCfg = MinSizeRel|Win32
		{6F2B9186-27ED-4A78-939B-CCD15B616B72}.MinSizeRel|Win32.Build.0 = MinSizeRel|Win32
		{6F2B9186-27ED-4A78-939B-CCD15B616B72}.RelWithDebInfo|Win32.ActiveCfg = RelWithDebInfo|Win32
		{6F2B9186-27ED-4A78-939B-CCD15B616B72}.RelWithDebInfo|Win32.Build.0 = RelWithDebInfo|Win32
		{CF57C08B-555A-4222-8FBC-8C5C754925C6}.Debug|Win32.ActiveCfg = Debug|Win32
		{CF57C08B-555A-4222-8FBC-8C5C754925C6}.Debug|Win32.Build.0 = Debug|Win32
		{CF57C08B-555A-4222-8FBC-8C5C754925C6}.Release|Win32.ActiveCfg = Release|Win32
		{CF57C08B-555A-4222-8FBC-8C5C754925C6}.Release|Win32.Build.0 = Release|Win32
		{CF57C08B-555A-4222-8FBC-8C5C754925C6}.MinSizeRel|Win32.ActiveCfg = MinSizeRel|Win32
		{CF57C08B-555A-4222-8FBC-8C5C754925C6}.MinSizeRel|Win32.Build.0 = MinSizeRel|Win32
		{CF57C08B-555A-4222-8FBC-8C5C754925C6}.RelWithDebInfo|Win32.ActiveCfg = RelWithDebInfo|Win32
		{CF57C08B-555A-4222-8FBC-8C5C754925C6}.RelWithDebInfo|Win32.Build.0 = RelWithDebInfo|Win32
		{EBC40130-9CE5-42CC-9DC7-A29BE2AF39DC}.Debug|Win32.ActiveCfg = Debug|Win32
		{EBC40130-9CE5-42CC-9DC7-A29BE2AF39DC}.Debug|Win32.Build.0 = Debug|Win32
		{EBC40130-9CE5-42CC-9DC7-A29BE2AF39DC}.Release|Win32.ActiveCfg = Release|Win32
		{EBC40130-9CE5-42CC-9DC7-A29BE2AF39DC}.Release|Win32.Build.0 = Release|Win32
		{EBC40130-9CE5-42CC-9DC7-A29BE2AF39DC}.MinSizeRel|Win32.ActiveCfg = MinSizeRel|Win32
		{EBC40130-9CE5-42CC-9DC7-A29BE2AF39DC}.MinSizeRel|Win32.Build.0 = MinSizeRel|Win32
		{EBC40130-9CE5-42CC-9DC7-A29BE2AF39DC}.RelWithDebInfo|Win32.ActiveCfg = RelWithDebInfo|Win32
		{EBC40130-9CE5-42CC-9DC7-A29BE2AF39DC}.RelWithDebInfo|Win32.Build.0 = RelWithDebInfo|Win32
	EndGlobalSection
	GlobalSection(ExtensibilityGlobals) = postSolution
	EndGlobalSection
	GlobalSection(ExtensibilityAddIns) = postSolution
	EndGlobalSection
EndGlobal
